
Microsoft Visual Studio Solution File, Format Version 12.00
# Visual Studio Version 17
VisualStudioVersion = 17.13.35828.75
MinimumVisualStudioVersion = 10.0.40219.1
Project("{2150E333-8FDC-42A3-9474-1A3956D46DE8}") = "Services", "Services", "{02EA681E-C7D8-13C7-8484-4AC65E1B71E8}"
EndProject
Project("{2150E333-8FDC-42A3-9474-1A3956D46DE8}") = "Patients", "Patients", "{167B2333-DBDF-4295-A9E3-406007B470AD}"
EndProject
Project("{FAE04EC0-301F-11D3-BF4B-00C04F79EFBC}") = "Patients.API", "Services\Patients\Patients.API\Patients.API.csproj", "{A2FC8F90-8DCF-4D47-9EC8-9A4EB9EE4D30}"
EndProject
Project("{FAE04EC0-301F-11D3-BF4B-00C04F79EFBC}") = "Patients.Domain", "Services\Patients\Patients.Domain\Patients.Domain.csproj", "{383F4364-4ACD-4FC8-821A-F344B1340E41}"
EndProject
Project("{FAE04EC0-301F-11D3-BF4B-00C04F79EFBC}") = "Patients.Application", "Services\Patients\Patients.Application\Patients.Application.csproj", "{E26006EF-312C-47AE-8606-122C6950C1D8}"
EndProject
Project("{FAE04EC0-301F-11D3-BF4B-00C04F79EFBC}") = "Patients.Infrastructure", "Services\Patients\Patients.Infrastructure\Patients.Infrastructure.csproj", "{5411DEEB-5DB4-4054-93DB-7BB232D78060}"
EndProject
Project("{2150E333-8FDC-42A3-9474-1A3956D46DE8}") = "BuildingBlocks", "BuildingBlocks", "{21C7500D-DC7F-4C27-8A0D-C24AFD7D247F}"
EndProject
Project("{FAE04EC0-301F-11D3-BF4B-00C04F79EFBC}") = "BuildingBlocks", "BuildingBlocks\BuildingBlocks\BuildingBlocks.csproj", "{127E73FF-DF1F-46F5-9224-A8B002A2AF9A}"
EndProject
Project("{E53339B2-1760-4266-BCC7-CA923CBCF16C}") = "docker-compose", "docker-compose.dcproj", "{81DDED9D-158B-E303-5F62-77A2896D2A5A}"
EndProject
Global
	GlobalSection(SolutionConfigurationPlatforms) = preSolution
		Debug|Any CPU = Debug|Any CPU
		Release|Any CPU = Release|Any CPU
	EndGlobalSection
	GlobalSection(ProjectConfigurationPlatforms) = postSolution
		{A2FC8F90-8DCF-4D47-9EC8-9A4EB9EE4D30}.Debug|Any CPU.ActiveCfg = Debug|Any CPU
		{A2FC8F90-8DCF-4D47-9EC8-9A4EB9EE4D30}.Debug|Any CPU.Build.0 = Debug|Any CPU
		{A2FC8F90-8DCF-4D47-9EC8-9A4EB9EE4D30}.Release|Any CPU.ActiveCfg = Release|Any CPU
		{A2FC8F90-8DCF-4D47-9EC8-9A4EB9EE4D30}.Release|Any CPU.Build.0 = Release|Any CPU
		{383F4364-4ACD-4FC8-821A-F344B1340E41}.Debug|Any CPU.ActiveCfg = Debug|Any CPU
		{383F4364-4ACD-4FC8-821A-F344B1340E41}.Debug|Any CPU.Build.0 = Debug|Any CPU
		{383F4364-4ACD-4FC8-821A-F344B1340E41}.Release|Any CPU.ActiveCfg = Release|Any CPU
		{383F4364-4ACD-4FC8-821A-F344B1340E41}.Release|Any CPU.Build.0 = Release|Any CPU
		{E26006EF-312C-47AE-8606-122C6950C1D8}.Debug|Any CPU.ActiveCfg = Debug|Any CPU
		{E26006EF-312C-47AE-8606-122C6950C1D8}.Debug|Any CPU.Build.0 = Debug|Any CPU
		{E26006EF-312C-47AE-8606-122C6950C1D8}.Release|Any CPU.ActiveCfg = Release|Any CPU
		{E26006EF-312C-47AE-8606-122C6950C1D8}.Release|Any CPU.Build.0 = Release|Any CPU
		{5411DEEB-5DB4-4054-93DB-7BB232D78060}.Debug|Any CPU.ActiveCfg = Debug|Any CPU
		{5411DEEB-5DB4-4054-93DB-7BB232D78060}.Debug|Any CPU.Build.0 = Debug|Any CPU
		{5411DEEB-5DB4-4054-93DB-7BB232D78060}.Release|Any CPU.ActiveCfg = Release|Any CPU
		{5411DEEB-5DB4-4054-93DB-7BB232D78060}.Release|Any CPU.Build.0 = Release|Any CPU
		{127E73FF-DF1F-46F5-9224-A8B002A2AF9A}.Debug|Any CPU.ActiveCfg = Debug|Any CPU
		{127E73FF-DF1F-46F5-9224-A8B002A2AF9A}.Debug|Any CPU.Build.0 = Debug|Any CPU
		{127E73FF-DF1F-46F5-9224-A8B002A2AF9A}.Release|Any CPU.ActiveCfg = Release|Any CPU
		{127E73FF-DF1F-46F5-9224-A8B002A2AF9A}.Release|Any CPU.Build.0 = Release|Any CPU
		{81DDED9D-158B-E303-5F62-77A2896D2A5A}.Debug|Any CPU.ActiveCfg = Debug|Any CPU
		{81DDED9D-158B-E303-5F62-77A2896D2A5A}.Debug|Any CPU.Build.0 = Debug|Any CPU
		{81DDED9D-158B-E303-5F62-77A2896D2A5A}.Release|Any CPU.ActiveCfg = Release|Any CPU
		{81DDED9D-158B-E303-5F62-77A2896D2A5A}.Release|Any CPU.Build.0 = Release|Any CPU
	EndGlobalSection
	GlobalSection(SolutionProperties) = preSolution
		HideSolutionNode = FALSE
	EndGlobalSection
	GlobalSection(NestedProjects) = preSolution
		{167B2333-DBDF-4295-A9E3-406007B470AD} = {02EA681E-C7D8-13C7-8484-4AC65E1B71E8}
		{A2FC8F90-8DCF-4D47-9EC8-9A4EB9EE4D30} = {167B2333-DBDF-4295-A9E3-406007B470AD}
		{383F4364-4ACD-4FC8-821A-F344B1340E41} = {167B2333-DBDF-4295-A9E3-406007B470AD}
		{E26006EF-312C-47AE-8606-122C6950C1D8} = {167B2333-DBDF-4295-A9E3-406007B470AD}
		{5411DEEB-5DB4-4054-93DB-7BB232D78060} = {167B2333-DBDF-4295-A9E3-406007B470AD}
		{127E73FF-DF1F-46F5-9224-A8B002A2AF9A} = {21C7500D-DC7F-4C27-8A0D-C24AFD7D247F}
	EndGlobalSection
	GlobalSection(ExtensibilityGlobals) = postSolution
		SolutionGuid = {F5391B0E-7A14-4481-8E89-3F96732147B2}
	EndGlobalSection
EndGlobal
